# This file is automatically @generated by Poetry 1.4.2 and should not be changed by hand.

[[package]]
name = "certifi"
version = "2023.5.7"
description = "Python package for providing Mozilla's CA Bundle."
category = "main"
optional = false
python-versions = ">=3.6"
files = [
    {file = "certifi-2023.5.7-py3-none-any.whl", hash = "sha256:c6c2e98f5c7869efca1f8916fed228dd91539f9f1b444c314c06eef02980c716"},
    {file = "certifi-2023.5.7.tar.gz", hash = "sha256:0f0d56dc5a6ad56fd4ba36484d6cc34451e1c6548c61daad8c320169f91eddc7"},
]

[[package]]
name = "charset-normalizer"
version = "3.1.0"
description = "The Real First Universal Charset Detector. Open, modern and actively maintained alternative to Chardet."
category = "main"
optional = false
python-versions = ">=3.7.0"
files = [
    {file = "charset-normalizer-3.1.0.tar.gz", hash = "sha256:34e0a2f9c370eb95597aae63bf85eb5e96826d81e3dcf88b8886012906f509b5"},
    {file = "charset_normalizer-3.1.0-cp310-cp310-macosx_10_9_universal2.whl", hash = "sha256:e0ac8959c929593fee38da1c2b64ee9778733cdf03c482c9ff1d508b6b593b2b"},
    {file = "charset_normalizer-3.1.0-cp310-cp310-macosx_10_9_x86_64.whl", hash = "sha256:d7fc3fca01da18fbabe4625d64bb612b533533ed10045a2ac3dd194bfa656b60"},
    {file = "charset_normalizer-3.1.0-cp310-cp310-macosx_11_0_arm64.whl", hash = "sha256:04eefcee095f58eaabe6dc3cc2262f3bcd776d2c67005880894f447b3f2cb9c1"},
    {file = "charset_normalizer-3.1.0-cp310-cp310-manylinux_2_17_aarch64.manylinux2014_aarch64.whl", hash = "sha256:20064ead0717cf9a73a6d1e779b23d149b53daf971169289ed2ed43a71e8d3b0"},
    {file = "charset_normalizer-3.1.0-cp310-cp310-manylinux_2_17_ppc64le.manylinux2014_ppc64le.whl", hash = "sha256:1435ae15108b1cb6fffbcea2af3d468683b7afed0169ad718451f8db5d1aff6f"},
    {file = "charset_normalizer-3.1.0-cp310-cp310-manylinux_2_17_s390x.manylinux2014_s390x.whl", hash = "sha256:c84132a54c750fda57729d1e2599bb598f5fa0344085dbde5003ba429a4798c0"},
    {file = "charset_normalizer-3.1.0-cp310-cp310-manylinux_2_17_x86_64.manylinux2014_x86_64.whl", hash = "sha256:75f2568b4189dda1c567339b48cba4ac7384accb9c2a7ed655cd86b04055c795"},
    {file = "charset_normalizer-3.1.0-cp310-cp310-manylinux_2_5_i686.manylinux1_i686.manylinux_2_17_i686.manylinux2014_i686.whl", hash = "sha256:11d3bcb7be35e7b1bba2c23beedac81ee893ac9871d0ba79effc7fc01167db6c"},
    {file = "charset_normalizer-3.1.0-cp310-cp310-musllinux_1_1_aarch64.whl", hash = "sha256:891cf9b48776b5c61c700b55a598621fdb7b1e301a550365571e9624f270c203"},
    {file = "charset_normalizer-3.1.0-cp310-cp310-musllinux_1_1_i686.whl", hash = "sha256:5f008525e02908b20e04707a4f704cd286d94718f48bb33edddc7d7b584dddc1"},
    {file = "charset_normalizer-3.1.0-cp310-cp310-musllinux_1_1_ppc64le.whl", hash = "sha256:b06f0d3bf045158d2fb8837c5785fe9ff9b8c93358be64461a1089f5da983137"},
    {file = "charset_normalizer-3.1.0-cp310-cp310-musllinux_1_1_s390x.whl", hash = "sha256:49919f8400b5e49e961f320c735388ee686a62327e773fa5b3ce6721f7e785ce"},
    {file = "charset_normalizer-3.1.0-cp310-cp310-musllinux_1_1_x86_64.whl", hash = "sha256:22908891a380d50738e1f978667536f6c6b526a2064156203d418f4856d6e86a"},
    {file = "charset_normalizer-3.1.0-cp310-cp310-win32.whl", hash = "sha256:12d1a39aa6b8c6f6248bb54550efcc1c38ce0d8096a146638fd4738e42284448"},
    {file = "charset_normalizer-3.1.0-cp310-cp310-win_amd64.whl", hash = "sha256:65ed923f84a6844de5fd29726b888e58c62820e0769b76565480e1fdc3d062f8"},
    {file = "charset_normalizer-3.1.0-cp311-cp311-macosx_10_9_universal2.whl", hash = "sha256:9a3267620866c9d17b959a84dd0bd2d45719b817245e49371ead79ed4f710d19"},
    {file = "charset_normalizer-3.1.0-cp311-cp311-macosx_10_9_x86_64.whl", hash = "sha256:6734e606355834f13445b6adc38b53c0fd45f1a56a9ba06c2058f86893ae8017"},
    {file = "charset_normalizer-3.1.0-cp311-cp311-macosx_11_0_arm64.whl", hash = "sha256:f8303414c7b03f794347ad062c0516cee0e15f7a612abd0ce1e25caf6ceb47df"},
    {file = "charset_normalizer-3.1.0-cp311-cp311-manylinux_2_17_aarch64.manylinux2014_aarch64.whl", hash = "sha256:aaf53a6cebad0eae578f062c7d462155eada9c172bd8c4d250b8c1d8eb7f916a"},
    {file = "charset_normalizer-3.1.0-cp311-cp311-manylinux_2_17_ppc64le.manylinux2014_ppc64le.whl", hash = "sha256:3dc5b6a8ecfdc5748a7e429782598e4f17ef378e3e272eeb1340ea57c9109f41"},
    {file = "charset_normalizer-3.1.0-cp311-cp311-manylinux_2_17_s390x.manylinux2014_s390x.whl", hash = "sha256:e1b25e3ad6c909f398df8921780d6a3d120d8c09466720226fc621605b6f92b1"},
    {file = "charset_normalizer-3.1.0-cp311-cp311-manylinux_2_17_x86_64.manylinux2014_x86_64.whl", hash = "sha256:0ca564606d2caafb0abe6d1b5311c2649e8071eb241b2d64e75a0d0065107e62"},
    {file = "charset_normalizer-3.1.0-cp311-cp311-manylinux_2_5_i686.manylinux1_i686.manylinux_2_17_i686.manylinux2014_i686.whl", hash = "sha256:b82fab78e0b1329e183a65260581de4375f619167478dddab510c6c6fb04d9b6"},
    {file = "charset_normalizer-3.1.0-cp311-cp311-musllinux_1_1_aarch64.whl", hash = "sha256:bd7163182133c0c7701b25e604cf1611c0d87712e56e88e7ee5d72deab3e76b5"},
    {file = "charset_normalizer-3.1.0-cp311-cp311-musllinux_1_1_i686.whl", hash = "sha256:11d117e6c63e8f495412d37e7dc2e2fff09c34b2d09dbe2bee3c6229577818be"},
    {file = "charset_normalizer-3.1.0-cp311-cp311-musllinux_1_1_ppc64le.whl", hash = "sha256:cf6511efa4801b9b38dc5546d7547d5b5c6ef4b081c60b23e4d941d0eba9cbeb"},
    {file = "charset_normalizer-3.1.0-cp311-cp311-musllinux_1_1_s390x.whl", hash = "sha256:abc1185d79f47c0a7aaf7e2412a0eb2c03b724581139193d2d82b3ad8cbb00ac"},
    {file = "charset_normalizer-3.1.0-cp311-cp311-musllinux_1_1_x86_64.whl", hash = "sha256:cb7b2ab0188829593b9de646545175547a70d9a6e2b63bf2cd87a0a391599324"},
    {file = "charset_normalizer-3.1.0-cp311-cp311-win32.whl", hash = "sha256:c36bcbc0d5174a80d6cccf43a0ecaca44e81d25be4b7f90f0ed7bcfbb5a00909"},
    {file = "charset_normalizer-3.1.0-cp311-cp311-win_amd64.whl", hash = "sha256:cca4def576f47a09a943666b8f829606bcb17e2bc2d5911a46c8f8da45f56755"},
    {file = "charset_normalizer-3.1.0-cp37-cp37m-macosx_10_9_x86_64.whl", hash = "sha256:0c95f12b74681e9ae127728f7e5409cbbef9cd914d5896ef238cc779b8152373"},
    {file = "charset_normalizer-3.1.0-cp37-cp37m-manylinux_2_17_aarch64.manylinux2014_aarch64.whl", hash = "sha256:fca62a8301b605b954ad2e9c3666f9d97f63872aa4efcae5492baca2056b74ab"},
    {file = "charset_normalizer-3.1.0-cp37-cp37m-manylinux_2_17_ppc64le.manylinux2014_ppc64le.whl", hash = "sha256:ac0aa6cd53ab9a31d397f8303f92c42f534693528fafbdb997c82bae6e477ad9"},
    {file = "charset_normalizer-3.1.0-cp37-cp37m-manylinux_2_17_s390x.manylinux2014_s390x.whl", hash = "sha256:c3af8e0f07399d3176b179f2e2634c3ce9c1301379a6b8c9c9aeecd481da494f"},
    {file = "charset_normalizer-3.1.0-cp37-cp37m-manylinux_2_17_x86_64.manylinux2014_x86_64.whl", hash = "sha256:3a5fc78f9e3f501a1614a98f7c54d3969f3ad9bba8ba3d9b438c3bc5d047dd28"},
    {file = "charset_normalizer-3.1.0-cp37-cp37m-manylinux_2_5_i686.manylinux1_i686.manylinux_2_17_i686.manylinux2014_i686.whl", hash = "sha256:628c985afb2c7d27a4800bfb609e03985aaecb42f955049957814e0491d4006d"},
    {file = "charset_normalizer-3.1.0-cp37-cp37m-musllinux_1_1_aarch64.whl", hash = "sha256:74db0052d985cf37fa111828d0dd230776ac99c740e1a758ad99094be4f1803d"},
    {file = "charset_normalizer-3.1.0-cp37-cp37m-musllinux_1_1_i686.whl", hash = "sha256:1e8fcdd8f672a1c4fc8d0bd3a2b576b152d2a349782d1eb0f6b8e52e9954731d"},
    {file = "charset_normalizer-3.1.0-cp37-cp37m-musllinux_1_1_ppc64le.whl", hash = "sha256:04afa6387e2b282cf78ff3dbce20f0cc071c12dc8f685bd40960cc68644cfea6"},
    {file = "charset_normalizer-3.1.0-cp37-cp37m-musllinux_1_1_s390x.whl", hash = "sha256:dd5653e67b149503c68c4018bf07e42eeed6b4e956b24c00ccdf93ac79cdff84"},
    {file = "charset_normalizer-3.1.0-cp37-cp37m-musllinux_1_1_x86_64.whl", hash = "sha256:d2686f91611f9e17f4548dbf050e75b079bbc2a82be565832bc8ea9047b61c8c"},
    {file = "charset_normalizer-3.1.0-cp37-cp37m-win32.whl", hash = "sha256:4155b51ae05ed47199dc5b2a4e62abccb274cee6b01da5b895099b61b1982974"},
    {file = "charset_normalizer-3.1.0-cp37-cp37m-win_amd64.whl", hash = "sha256:322102cdf1ab682ecc7d9b1c5eed4ec59657a65e1c146a0da342b78f4112db23"},
    {file = "charset_normalizer-3.1.0-cp38-cp38-macosx_10_9_universal2.whl", hash = "sha256:e633940f28c1e913615fd624fcdd72fdba807bf53ea6925d6a588e84e1151531"},
    {file = "charset_normalizer-3.1.0-cp38-cp38-macosx_10_9_x86_64.whl", hash = "sha256:3a06f32c9634a8705f4ca9946d667609f52cf130d5548881401f1eb2c39b1e2c"},
    {file = "charset_normalizer-3.1.0-cp38-cp38-macosx_11_0_arm64.whl", hash = "sha256:7381c66e0561c5757ffe616af869b916c8b4e42b367ab29fedc98481d1e74e14"},
    {file = "charset_normalizer-3.1.0-cp38-cp38-manylinux_2_17_aarch64.manylinux2014_aarch64.whl", hash = "sha256:3573d376454d956553c356df45bb824262c397c6e26ce43e8203c4c540ee0acb"},
    {file = "charset_normalizer-3.1.0-cp38-cp38-manylinux_2_17_ppc64le.manylinux2014_ppc64le.whl", hash = "sha256:e89df2958e5159b811af9ff0f92614dabf4ff617c03a4c1c6ff53bf1c399e0e1"},
    {file = "charset_normalizer-3.1.0-cp38-cp38-manylinux_2_17_s390x.manylinux2014_s390x.whl", hash = "sha256:78cacd03e79d009d95635e7d6ff12c21eb89b894c354bd2b2ed0b4763373693b"},
    {file = "charset_normalizer-3.1.0-cp38-cp38-manylinux_2_17_x86_64.manylinux2014_x86_64.whl", hash = "sha256:de5695a6f1d8340b12a5d6d4484290ee74d61e467c39ff03b39e30df62cf83a0"},
    {file = "charset_normalizer-3.1.0-cp38-cp38-manylinux_2_5_i686.manylinux1_i686.manylinux_2_17_i686.manylinux2014_i686.whl", hash = "sha256:1c60b9c202d00052183c9be85e5eaf18a4ada0a47d188a83c8f5c5b23252f649"},
    {file = "charset_normalizer-3.1.0-cp38-cp38-musllinux_1_1_aarch64.whl", hash = "sha256:f645caaf0008bacf349875a974220f1f1da349c5dbe7c4ec93048cdc785a3326"},
    {file = "charset_normalizer-3.1.0-cp38-cp38-musllinux_1_1_i686.whl", hash = "sha256:ea9f9c6034ea2d93d9147818f17c2a0860d41b71c38b9ce4d55f21b6f9165a11"},
    {file = "charset_normalizer-3.1.0-cp38-cp38-musllinux_1_1_ppc64le.whl", hash = "sha256:80d1543d58bd3d6c271b66abf454d437a438dff01c3e62fdbcd68f2a11310d4b"},
    {file = "charset_normalizer-3.1.0-cp38-cp38-musllinux_1_1_s390x.whl", hash = "sha256:73dc03a6a7e30b7edc5b01b601e53e7fc924b04e1835e8e407c12c037e81adbd"},
    {file = "charset_normalizer-3.1.0-cp38-cp38-musllinux_1_1_x86_64.whl", hash = "sha256:6f5c2e7bc8a4bf7c426599765b1bd33217ec84023033672c1e9a8b35eaeaaaf8"},
    {file = "charset_normalizer-3.1.0-cp38-cp38-win32.whl", hash = "sha256:12a2b561af122e3d94cdb97fe6fb2bb2b82cef0cdca131646fdb940a1eda04f0"},
    {file = "charset_normalizer-3.1.0-cp38-cp38-win_amd64.whl", hash = "sha256:3160a0fd9754aab7d47f95a6b63ab355388d890163eb03b2d2b87ab0a30cfa59"},
    {file = "charset_normalizer-3.1.0-cp39-cp39-macosx_10_9_universal2.whl", hash = "sha256:38e812a197bf8e71a59fe55b757a84c1f946d0ac114acafaafaf21667a7e169e"},
    {file = "charset_normalizer-3.1.0-cp39-cp39-macosx_10_9_x86_64.whl", hash = "sha256:6baf0baf0d5d265fa7944feb9f7451cc316bfe30e8df1a61b1bb08577c554f31"},
    {file = "charset_normalizer-3.1.0-cp39-cp39-macosx_11_0_arm64.whl", hash = "sha256:8f25e17ab3039b05f762b0a55ae0b3632b2e073d9c8fc88e89aca31a6198e88f"},
    {file = "charset_normalizer-3.1.0-cp39-cp39-manylinux_2_17_aarch64.manylinux2014_aarch64.whl", hash = "sha256:3747443b6a904001473370d7810aa19c3a180ccd52a7157aacc264a5ac79265e"},
    {file = "charset_normalizer-3.1.0-cp39-cp39-manylinux_2_17_ppc64le.manylinux2014_ppc64le.whl", hash = "sha256:b116502087ce8a6b7a5f1814568ccbd0e9f6cfd99948aa59b0e241dc57cf739f"},
    {file = "charset_normalizer-3.1.0-cp39-cp39-manylinux_2_17_s390x.manylinux2014_s390x.whl", hash = "sha256:d16fd5252f883eb074ca55cb622bc0bee49b979ae4e8639fff6ca3ff44f9f854"},
    {file = "charset_normalizer-3.1.0-cp39-cp39-manylinux_2_17_x86_64.manylinux2014_x86_64.whl", hash = "sha256:21fa558996782fc226b529fdd2ed7866c2c6ec91cee82735c98a197fae39f706"},
    {file = "charset_normalizer-3.1.0-cp39-cp39-manylinux_2_5_i686.manylinux1_i686.manylinux_2_17_i686.manylinux2014_i686.whl", hash = "sha256:6f6c7a8a57e9405cad7485f4c9d3172ae486cfef1344b5ddd8e5239582d7355e"},
    {file = "charset_normalizer-3.1.0-cp39-cp39-musllinux_1_1_aarch64.whl", hash = "sha256:ac3775e3311661d4adace3697a52ac0bab17edd166087d493b52d4f4f553f9f0"},
    {file = "charset_normalizer-3.1.0-cp39-cp39-musllinux_1_1_i686.whl", hash = "sha256:10c93628d7497c81686e8e5e557aafa78f230cd9e77dd0c40032ef90c18f2230"},
    {file = "charset_normalizer-3.1.0-cp39-cp39-musllinux_1_1_ppc64le.whl", hash = "sha256:6f4f4668e1831850ebcc2fd0b1cd11721947b6dc7c00bf1c6bd3c929ae14f2c7"},
    {file = "charset_normalizer-3.1.0-cp39-cp39-musllinux_1_1_s390x.whl", hash = "sha256:0be65ccf618c1e7ac9b849c315cc2e8a8751d9cfdaa43027d4f6624bd587ab7e"},
    {file = "charset_normalizer-3.1.0-cp39-cp39-musllinux_1_1_x86_64.whl", hash = "sha256:53d0a3fa5f8af98a1e261de6a3943ca631c526635eb5817a87a59d9a57ebf48f"},
    {file = "charset_normalizer-3.1.0-cp39-cp39-win32.whl", hash = "sha256:a04f86f41a8916fe45ac5024ec477f41f886b3c435da2d4e3d2709b22ab02af1"},
    {file = "charset_normalizer-3.1.0-cp39-cp39-win_amd64.whl", hash = "sha256:830d2948a5ec37c386d3170c483063798d7879037492540f10a475e3fd6f244b"},
    {file = "charset_normalizer-3.1.0-py3-none-any.whl", hash = "sha256:3d9098b479e78c85080c98e1e35ff40b4a31d8953102bb0fd7d1b6f8a2111a3d"},
]

[[package]]
name = "ciso8601"
version = "2.3.0"
description = "Fast ISO8601 date time parser for Python written in C"
category = "main"
optional = false
python-versions = "*"
files = [
    {file = "ciso8601-2.3.0-cp310-cp310-macosx_10_9_universal2.whl", hash = "sha256:8f884d6a0b7384f8b1c57f740196988dd1229242c1be7c30a75424725590e0b3"},
    {file = "ciso8601-2.3.0-cp310-cp310-macosx_10_9_x86_64.whl", hash = "sha256:58517dfe06c30ad65fb1b4e9de66ccb72752d79bc71d7b7d26cbc0d008b7265a"},
    {file = "ciso8601-2.3.0-cp310-cp310-macosx_11_0_arm64.whl", hash = "sha256:c66032757d314ad232904f91a54df4907bd9af41b0d0b4acc19bfde1ab52983b"},
    {file = "ciso8601-2.3.0-cp310-cp310-manylinux_2_5_x86_64.manylinux1_x86_64.manylinux_2_17_x86_64.manylinux2014_x86_64.whl", hash = "sha256:b6cae7a74d9485a2f191adc5aad2563756af89cc1f3190e7d89f401b2349eb2b"},
    {file = "ciso8601-2.3.0-cp310-cp310-musllinux_1_1_i686.whl", hash = "sha256:47cc66899e5facdccc28f183b978ace9edbebdea6545c013ec1d369fdea3de61"},
    {file = "ciso8601-2.3.0-cp310-cp310-musllinux_1_1_x86_64.whl", hash = "sha256:2b4596c9d92719af4f06082c59182ce9de3a73e2bda67304498d9ac78264dd5c"},
    {file = "ciso8601-2.3.0-cp310-cp310-win_amd64.whl", hash = "sha256:a002a8dc91e63730f7ca8eae0cb1e2832ee057fedf65e5b9bf416aefb1dd8cab"},
    {file = "ciso8601-2.3.0-cp311-cp311-macosx_10_9_universal2.whl", hash = "sha256:87a6f58bdda833cb8d78c6482a179fff663903a8f562755e119bf815b1014f2e"},
    {file = "ciso8601-2.3.0-cp311-cp311-macosx_10_9_x86_64.whl", hash = "sha256:7667faf021314315a3c498e4c7c8cf57a7014af0960ddd5b671bcf03b2d0132b"},
    {file = "ciso8601-2.3.0-cp311-cp311-macosx_11_0_arm64.whl", hash = "sha256:fa90488666ee44796932850fc419cd55863b320f77b1474991e60f321b5ac7d2"},
    {file = "ciso8601-2.3.0-cp311-cp311-manylinux_2_5_x86_64.manylinux1_x86_64.manylinux_2_17_x86_64.manylinux2014_x86_64.whl", hash = "sha256:1aba1f59b6d27ec694128f9ba85e22c1f17e67ffc5b1b0a991628bb402e25e81"},
    {file = "ciso8601-2.3.0-cp311-cp311-musllinux_1_1_i686.whl", hash = "sha256:896dd46c7f2129140fc36dbe9ccf78cec02143b941b5a608e652cd40e39f6064"},
    {file = "ciso8601-2.3.0-cp311-cp311-musllinux_1_1_x86_64.whl", hash = "sha256:2cf6dfa22f21f838b730f977bc7ad057c37646f683bf42a727b4e763f44d47dc"},
    {file = "ciso8601-2.3.0-cp311-cp311-win_amd64.whl", hash = "sha256:a8c4aa6880fd698075d5478615d4668e70af6424d90b1686c560c1ec3459926a"},
    {file = "ciso8601-2.3.0-cp36-cp36m-macosx_10_9_x86_64.whl", hash = "sha256:b12d314415ba1e4e4bfcfa3db782335949ca1866a2b6fe22c47099fed9c82826"},
    {file = "ciso8601-2.3.0-cp36-cp36m-manylinux_2_5_x86_64.manylinux1_x86_64.manylinux_2_17_x86_64.manylinux2014_x86_64.whl", hash = "sha256:7d115fc2501a316256dd0b961b0b384a12998c626ab1e91cd06164f7792e3908"},
    {file = "ciso8601-2.3.0-cp36-cp36m-musllinux_1_1_i686.whl", hash = "sha256:5817bd895c0d083c161ea38459de8e2b90d798de09769aaba003fe53c1418aba"},
    {file = "ciso8601-2.3.0-cp36-cp36m-musllinux_1_1_x86_64.whl", hash = "sha256:7d68741fe53cd0134e8e94109ede36d7aeaa65a36682680d53b69f790291d80f"},
    {file = "ciso8601-2.3.0-cp36-cp36m-win_amd64.whl", hash = "sha256:74c4b0fe3fd0ce1a0da941f3f50af1a81970d7e4536cbae43f27e041b4ae4d3e"},
    {file = "ciso8601-2.3.0-cp37-cp37m-macosx_10_9_x86_64.whl", hash = "sha256:0136d49f2265bf3d06ffb7bc649a64ed316e921ba6cd05e0fecc477c80fe5097"},
    {file = "ciso8601-2.3.0-cp37-cp37m-manylinux_2_5_x86_64.manylinux1_x86_64.manylinux_2_17_x86_64.manylinux2014_x86_64.whl", hash = "sha256:2188dd4784d87e4008cc765c80e26a503450c57a98655321de777679c556b133"},
    {file = "ciso8601-2.3.0-cp37-cp37m-musllinux_1_1_i686.whl", hash = "sha256:4e0fa37c6d58be990c10d537ed286a35c018b5f038039ad796cf2352bc26799e"},
    {file = "ciso8601-2.3.0-cp37-cp37m-musllinux_1_1_x86_64.whl", hash = "sha256:fa1085b47c15df627d6bea783a8f7c89a59268af85e204992a013df174b339aa"},
    {file = "ciso8601-2.3.0-cp37-cp37m-win_amd64.whl", hash = "sha256:352809f24dc0fa7e05b85046f8bd34165a20fa5ebb5b43e053668fa69d57e657"},
    {file = "ciso8601-2.3.0-cp38-cp38-macosx_10_9_universal2.whl", hash = "sha256:7e8e78f8c7d35e6b43ad7316f652e2d53bf4b8798725d481abff14657852a88c"},
    {file = "ciso8601-2.3.0-cp38-cp38-macosx_10_9_x86_64.whl", hash = "sha256:4cc04399f79a62338d4f4c19560d2b30f2d257021df1b0e55bae9209d8844c0c"},
    {file = "ciso8601-2.3.0-cp38-cp38-macosx_11_0_arm64.whl", hash = "sha256:e4affe0e72debf18c98d2f9e41c24a8ec8421ea65fafba96919f20a8d0f9bf87"},
    {file = "ciso8601-2.3.0-cp38-cp38-manylinux_2_5_x86_64.manylinux1_x86_64.manylinux_2_17_x86_64.manylinux2014_x86_64.whl", hash = "sha256:47d7d0f84fb0276c031bf606da484e9dc52ebdf121695732609dc49b30e8cf7c"},
    {file = "ciso8601-2.3.0-cp38-cp38-musllinux_1_1_i686.whl", hash = "sha256:8b1a217967083ac295d9239f5ba5235c66697fdadc2d5399c7bac53353218201"},
    {file = "ciso8601-2.3.0-cp38-cp38-musllinux_1_1_x86_64.whl", hash = "sha256:2785f374388e48c21420e820295d36a8d0734542e4e7bd3899467dc4d56016da"},
    {file = "ciso8601-2.3.0-cp38-cp38-win_amd64.whl", hash = "sha256:59e6ac990dc31b14a39344a6a0f651658829bc59666cfff13c8deca37e360d86"},
    {file = "ciso8601-2.3.0-cp39-cp39-macosx_10_9_universal2.whl", hash = "sha256:3b135cda50be4ed52e44e815794cb19b268baf75d6c2a2a34eb6c2851bbe9423"},
    {file = "ciso8601-2.3.0-cp39-cp39-macosx_10_9_x86_64.whl", hash = "sha256:b247b4a854119d438d28e0efd0258a5bb710be59ffeba3d2bea5bdab82f90ef3"},
    {file = "ciso8601-2.3.0-cp39-cp39-macosx_11_0_arm64.whl", hash = "sha256:243ffcbee824ed74b21bd1cede72050d36095df5fad8f1704730669d2b0db5be"},
    {file = "ciso8601-2.3.0-cp39-cp39-manylinux_2_5_x86_64.manylinux1_x86_64.manylinux_2_17_x86_64.manylinux2014_x86_64.whl", hash = "sha256:d39aa3d7148fcd9db1007c258e47c9e0174f383d82f5504b80db834c6215b7e4"},
    {file = "ciso8601-2.3.0-cp39-cp39-musllinux_1_1_i686.whl", hash = "sha256:e838b694b009e2d9b3b680008fa4c56e52f83935a31ea86fe4203dfff0086f88"},
    {file = "ciso8601-2.3.0-cp39-cp39-musllinux_1_1_x86_64.whl", hash = "sha256:aa58f55ed5c8b1e9962b56b2ecbfcca32f056edf8ecdce73b6623c55a2fd11e8"},
    {file = "ciso8601-2.3.0-cp39-cp39-win_amd64.whl", hash = "sha256:161dc428d1735ed6dee6ce599c4275ef3fe280fe37308e3cc2efd4301781a7ff"},
    {file = "ciso8601-2.3.0-pp37-pypy37_pp73-manylinux_2_5_x86_64.manylinux1_x86_64.manylinux_2_17_x86_64.manylinux2014_x86_64.whl", hash = "sha256:374275a329138b9b70c857c9ea460f65dc7f01ed2513f991e57090f39bf01de5"},
    {file = "ciso8601-2.3.0-pp37-pypy37_pp73-win_amd64.whl", hash = "sha256:58910c03b5464d6b766ac5d894c6089ee8279432b85181283571b0e2bf502df4"},
    {file = "ciso8601-2.3.0-pp38-pypy38_pp73-manylinux_2_5_x86_64.manylinux1_x86_64.manylinux_2_17_x86_64.manylinux2014_x86_64.whl", hash = "sha256:b9f7608a276fa46d28255906c341752a87fe5353d8060932e0ec71745148a4d8"},
    {file = "ciso8601-2.3.0-pp38-pypy38_pp73-win_amd64.whl", hash = "sha256:e20d14155f7b069f2aa2387a3f31de98f93bb94da63ad1b5aae78445b33f0529"},
    {file = "ciso8601-2.3.0-pp39-pypy39_pp73-manylinux_2_5_x86_64.manylinux1_x86_64.manylinux_2_17_x86_64.manylinux2014_x86_64.whl", hash = "sha256:a3f781561401c8666accae823ed8f2a5d1fa50b3e65eb65c21a2bd0374e14f19"},
    {file = "ciso8601-2.3.0-pp39-pypy39_pp73-win_amd64.whl", hash = "sha256:a0f4a649e9693e5a46843b0ebd288de1e45b8852a2cff684e3a6b6f3fd56ec4e"},
    {file = "ciso8601-2.3.0.tar.gz", hash = "sha256:19e3fbd786d8bec3358eac94d8774d365b694b604fd1789244b87083f66c8900"},
]

[[package]]
name = "idna"
version = "3.4"
description = "Internationalized Domain Names in Applications (IDNA)"
category = "main"
optional = false
python-versions = ">=3.5"
files = [
    {file = "idna-3.4-py3-none-any.whl", hash = "sha256:90b77e79eaa3eba6de819a0c442c0b4ceefc341a7a2ab77d7562bf49f425c5c2"},
    {file = "idna-3.4.tar.gz", hash = "sha256:814f528e8dead7d329833b91c5faa87d60bf71824cd12a7530b5526063d02cb4"},
]

[[package]]
name = "influxdb-client"
version = "1.36.1"
description = "InfluxDB 2.0 Python client library"
category = "main"
optional = false
python-versions = ">=3.7"
files = [
    {file = "influxdb_client-1.36.1-py3-none-any.whl", hash = "sha256:a5a8d840139431356235f6c786cd49740ed545b6e99be62ae3fb6ba5df1d982b"},
    {file = "influxdb_client-1.36.1.tar.gz", hash = "sha256:59654af4f7133f0ecf916411935b50f42e5c4bc125d218e193848f3615b57bfc"},
]

[package.dependencies]
certifi = ">=14.05.14"
ciso8601 = {version = ">=2.1.1", optional = true, markers = "extra == \"ciso\""}
python-dateutil = ">=2.5.3"
reactivex = ">=4.0.4"
setuptools = ">=21.0.0"
urllib3 = ">=1.26.0"

[package.extras]
async = ["aiocsv (>=1.2.2)", "aiohttp (>=3.8.1)"]
ciso = ["ciso8601 (>=2.1.1)"]
extra = ["numpy", "pandas (>=0.25.3)"]
test = ["aioresponses (>=0.7.3)", "coverage (>=4.0.3)", "flake8 (>=5.0.3)", "httpretty (==1.0.5)", "jinja2 (==3.1.2)", "nose (>=1.3.7)", "pluggy (>=0.3.1)", "psutil (>=5.6.3)", "py (>=1.4.31)", "pytest (>=5.0.0)", "pytest-cov (>=3.0.0)", "pytest-timeout (>=2.1.0)", "randomize (>=0.13)", "sphinx (==1.8.5)", "sphinx-rtd-theme"]

[[package]]
name = "pkcs7"
version = "0.1.2"
description = "extension class for argparse with json configuration"
category = "main"
optional = false
python-versions = "*"
files = [
    {file = "pkcs7-0.1.2.zip", hash = "sha256:b683994a7d6404cf82840639605b7208884aa2367f84cb0ae731e32d4a1c5eff"},
]

[[package]]
name = "pycryptodome"
version = "3.17"
description = "Cryptographic library for Python"
category = "main"
optional = false
python-versions = ">=2.7, !=3.0.*, !=3.1.*, !=3.2.*, !=3.3.*, !=3.4.*"
files = [
    {file = "pycryptodome-3.17-cp27-cp27m-macosx_10_9_x86_64.whl", hash = "sha256:2c5631204ebcc7ae33d11c43037b2dafe25e2ab9c1de6448eb6502ac69c19a56"},
    {file = "pycryptodome-3.17-cp27-cp27m-manylinux2010_i686.whl", hash = "sha256:04779cc588ad8f13c80a060b0b1c9d1c203d051d8a43879117fe6b8aaf1cd3fa"},
    {file = "pycryptodome-3.17-cp27-cp27m-manylinux2010_x86_64.whl", hash = "sha256:f812d58c5af06d939b2baccdda614a3ffd80531a26e5faca2c9f8b1770b2b7af"},
    {file = "pycryptodome-3.17-cp27-cp27m-manylinux2014_aarch64.whl", hash = "sha256:9453b4e21e752df8737fdffac619e93c9f0ec55ead9a45df782055eb95ef37d9"},
    {file = "pycryptodome-3.17-cp27-cp27m-musllinux_1_1_aarch64.whl", hash = "sha256:121d61663267f73692e8bde5ec0d23c9146465a0d75cad75c34f75c752527b01"},
    {file = "pycryptodome-3.17-cp27-cp27m-win32.whl", hash = "sha256:ba2d4fcb844c6ba5df4bbfee9352ad5352c5ae939ac450e06cdceff653280450"},
    {file = "pycryptodome-3.17-cp27-cp27m-win_amd64.whl", hash = "sha256:87e2ca3aa557781447428c4b6c8c937f10ff215202ab40ece5c13a82555c10d6"},
    {file = "pycryptodome-3.17-cp27-cp27mu-manylinux2010_i686.whl", hash = "sha256:f44c0d28716d950135ff21505f2c764498eda9d8806b7c78764165848aa419bc"},
    {file = "pycryptodome-3.17-cp27-cp27mu-manylinux2010_x86_64.whl", hash = "sha256:5a790bc045003d89d42e3b9cb3cc938c8561a57a88aaa5691512e8540d1ae79c"},
    {file = "pycryptodome-3.17-cp27-cp27mu-manylinux2014_aarch64.whl", hash = "sha256:d086d46774e27b280e4cece8ab3d87299cf0d39063f00f1e9290d096adc5662a"},
    {file = "pycryptodome-3.17-cp27-cp27mu-musllinux_1_1_aarch64.whl", hash = "sha256:5587803d5b66dfd99e7caa31ed91fba0fdee3661c5d93684028ad6653fce725f"},
    {file = "pycryptodome-3.17-cp35-abi3-macosx_10_9_universal2.whl", hash = "sha256:e7debd9c439e7b84f53be3cf4ba8b75b3d0b6e6015212355d6daf44ac672e210"},
    {file = "pycryptodome-3.17-cp35-abi3-macosx_10_9_x86_64.whl", hash = "sha256:ca1ceb6303be1282148f04ac21cebeebdb4152590842159877778f9cf1634f09"},
    {file = "pycryptodome-3.17-cp35-abi3-manylinux2014_aarch64.whl", hash = "sha256:dc22cc00f804485a3c2a7e2010d9f14a705555f67020eb083e833cabd5bd82e4"},
    {file = "pycryptodome-3.17-cp35-abi3-manylinux_2_17_x86_64.manylinux2014_x86_64.whl", hash = "sha256:80ea8333b6a5f2d9e856ff2293dba2e3e661197f90bf0f4d5a82a0a6bc83a626"},
    {file = "pycryptodome-3.17-cp35-abi3-manylinux_2_5_i686.manylinux1_i686.manylinux_2_17_i686.manylinux2014_i686.whl", hash = "sha256:c133f6721fba313722a018392a91e3c69d3706ae723484841752559e71d69dc6"},
    {file = "pycryptodome-3.17-cp35-abi3-musllinux_1_1_aarch64.whl", hash = "sha256:333306eaea01fde50a73c4619e25631e56c4c61bd0fb0a2346479e67e3d3a820"},
    {file = "pycryptodome-3.17-cp35-abi3-musllinux_1_1_i686.whl", hash = "sha256:1a30f51b990994491cec2d7d237924e5b6bd0d445da9337d77de384ad7f254f9"},
    {file = "pycryptodome-3.17-cp35-abi3-musllinux_1_1_x86_64.whl", hash = "sha256:909e36a43fe4a8a3163e9c7fc103867825d14a2ecb852a63d3905250b308a4e5"},
    {file = "pycryptodome-3.17-cp35-abi3-win32.whl", hash = "sha256:a3228728a3808bc9f18c1797ec1179a0efb5068c817b2ffcf6bcd012494dffb2"},
    {file = "pycryptodome-3.17-cp35-abi3-win_amd64.whl", hash = "sha256:9ec565e89a6b400eca814f28d78a9ef3f15aea1df74d95b28b7720739b28f37f"},
    {file = "pycryptodome-3.17-pp27-pypy_73-macosx_10_9_x86_64.whl", hash = "sha256:e1819b67bcf6ca48341e9b03c2e45b1c891fa8eb1a8458482d14c2805c9616f2"},
    {file = "pycryptodome-3.17-pp27-pypy_73-manylinux2010_x86_64.whl", hash = "sha256:f8e550caf52472ae9126953415e4fc554ab53049a5691c45b8816895c632e4d7"},
    {file = "pycryptodome-3.17-pp27-pypy_73-win32.whl", hash = "sha256:afbcdb0eda20a0e1d44e3a1ad6d4ec3c959210f4b48cabc0e387a282f4c7deb8"},
    {file = "pycryptodome-3.17-pp38-pypy38_pp73-macosx_10_9_x86_64.whl", hash = "sha256:a74f45aee8c5cc4d533e585e0e596e9f78521e1543a302870a27b0ae2106381e"},
    {file = "pycryptodome-3.17-pp38-pypy38_pp73-manylinux_2_17_x86_64.manylinux2014_x86_64.whl", hash = "sha256:38bbd6717eac084408b4094174c0805bdbaba1f57fc250fd0309ae5ec9ed7e09"},
    {file = "pycryptodome-3.17-pp38-pypy38_pp73-manylinux_2_5_i686.manylinux1_i686.manylinux_2_17_i686.manylinux2014_i686.whl", hash = "sha256:f68d6c8ea2974a571cacb7014dbaada21063a0375318d88ac1f9300bc81e93c3"},
    {file = "pycryptodome-3.17-pp38-pypy38_pp73-win_amd64.whl", hash = "sha256:8198f2b04c39d817b206ebe0db25a6653bb5f463c2319d6f6d9a80d012ac1e37"},
    {file = "pycryptodome-3.17-pp39-pypy39_pp73-macosx_10_9_x86_64.whl", hash = "sha256:3a232474cd89d3f51e4295abe248a8b95d0332d153bf46444e415409070aae1e"},
    {file = "pycryptodome-3.17-pp39-pypy39_pp73-manylinux_2_17_x86_64.manylinux2014_x86_64.whl", hash = "sha256:4992ec965606054e8326e83db1c8654f0549cdb26fce1898dc1a20bc7684ec1c"},
    {file = "pycryptodome-3.17-pp39-pypy39_pp73-manylinux_2_5_i686.manylinux1_i686.manylinux_2_17_i686.manylinux2014_i686.whl", hash = "sha256:53068e33c74f3b93a8158dacaa5d0f82d254a81b1002e0cd342be89fcb3433eb"},
    {file = "pycryptodome-3.17-pp39-pypy39_pp73-win_amd64.whl", hash = "sha256:74794a2e2896cd0cf56fdc9db61ef755fa812b4a4900fa46c49045663a92b8d0"},
    {file = "pycryptodome-3.17.tar.gz", hash = "sha256:bce2e2d8e82fcf972005652371a3e8731956a0c1fbb719cc897943b3695ad91b"},
]

[[package]]
name = "pyp100"
version = "0.0.19"
description = "A module for controlling the Tp-link Tapo P100/P105/P110 plugs and L530/L510E bulbs."
category = "main"
optional = false
python-versions = "*"
files = [
    {file = "PyP100-0.0.19.tar.gz", hash = "sha256:b3cda6bcfecb42c307d913a54174f47d3a06b2329eb7d0e6cdc27d341a69b9c4"},
]

[package.dependencies]
pkcs7 = ">=0.1.2"
pycryptodome = ">=3.9.8"
requests = ">=2.24.0"

[[package]]
name = "python-dateutil"
version = "2.8.2"
description = "Extensions to the standard Python datetime module"
category = "main"
optional = false
python-versions = "!=3.0.*,!=3.1.*,!=3.2.*,>=2.7"
files = [
    {file = "python-dateutil-2.8.2.tar.gz", hash = "sha256:0123cacc1627ae19ddf3c27a5de5bd67ee4586fbdd6440d9748f8abb483d3e86"},
    {file = "python_dateutil-2.8.2-py2.py3-none-any.whl", hash = "sha256:961d03dc3453ebbc59dbdea9e4e11c5651520a876d0f4db161e8674aae935da9"},
]

[package.dependencies]
six = ">=1.5"

[[package]]
name = "python-dotenv"
version = "0.20.0"
description = "Read key-value pairs from a .env file and set them as environment variables"
category = "main"
optional = false
python-versions = ">=3.5"
files = [
    {file = "python-dotenv-0.20.0.tar.gz", hash = "sha256:b7e3b04a59693c42c36f9ab1cc2acc46fa5df8c78e178fc33a8d4cd05c8d498f"},
    {file = "python_dotenv-0.20.0-py3-none-any.whl", hash = "sha256:d92a187be61fe482e4fd675b6d52200e7be63a12b724abbf931a40ce4fa92938"},
]

[package.extras]
cli = ["click (>=5.0)"]

[[package]]
name = "reactivex"
version = "4.0.4"
description = "ReactiveX (Rx) for Python"
category = "main"
optional = false
python-versions = ">=3.7,<4.0"
files = [
    {file = "reactivex-4.0.4-py3-none-any.whl", hash = "sha256:0004796c420bd9e68aad8e65627d85a8e13f293de76656165dffbcb3a0e3fb6a"},
    {file = "reactivex-4.0.4.tar.gz", hash = "sha256:e912e6591022ab9176df8348a653fe8c8fa7a301f26f9931c9d8c78a650e04e8"},
]

[package.dependencies]
typing-extensions = ">=4.1.1,<5.0.0"

[[package]]
name = "requests"
version = "2.30.0"
description = "Python HTTP for Humans."
category = "main"
optional = false
python-versions = ">=3.7"
files = [
    {file = "requests-2.30.0-py3-none-any.whl", hash = "sha256:10e94cc4f3121ee6da529d358cdaeaff2f1c409cd377dbc72b825852f2f7e294"},
    {file = "requests-2.30.0.tar.gz", hash = "sha256:239d7d4458afcb28a692cdd298d87542235f4ca8d36d03a15bfc128a6559a2f4"},
]

[package.dependencies]
certifi = ">=2017.4.17"
charset-normalizer = ">=2,<4"
idna = ">=2.5,<4"
urllib3 = ">=1.21.1,<3"

[package.extras]
socks = ["PySocks (>=1.5.6,!=1.5.7)"]
use-chardet-on-py3 = ["chardet (>=3.0.2,<6)"]

[[package]]
name = "setuptools"
version = "67.7.2"
description = "Easily download, build, install, upgrade, and uninstall Python packages"
category = "main"
optional = false
python-versions = ">=3.7"
files = [
    {file = "setuptools-67.7.2-py3-none-any.whl", hash = "sha256:23aaf86b85ca52ceb801d32703f12d77517b2556af839621c641fca11287952b"},
    {file = "setuptools-67.7.2.tar.gz", hash = "sha256:f104fa03692a2602fa0fec6c6a9e63b6c8a968de13e17c026957dd1f53d80990"},
]

[package.extras]
docs = ["furo", "jaraco.packaging (>=9)", "jaraco.tidelift (>=1.4)", "pygments-github-lexers (==0.0.5)", "rst.linker (>=1.9)", "sphinx (>=3.5)", "sphinx-favicon", "sphinx-hoverxref (<2)", "sphinx-inline-tabs", "sphinx-lint", "sphinx-notfound-page (==0.8.3)", "sphinx-reredirects", "sphinxcontrib-towncrier"]
testing = ["build[virtualenv]", "filelock (>=3.4.0)", "flake8 (<5)", "flake8-2020", "ini2toml[lite] (>=0.9)", "jaraco.envs (>=2.2)", "jaraco.path (>=3.2.0)", "pip (>=19.1)", "pip-run (>=8.8)", "pytest (>=6)", "pytest-black (>=0.3.7)", "pytest-checkdocs (>=2.4)", "pytest-cov", "pytest-enabler (>=1.3)", "pytest-flake8", "pytest-mypy (>=0.9.1)", "pytest-perf", "pytest-timeout", "pytest-xdist", "tomli-w (>=1.0.0)", "virtualenv (>=13.0.0)", "wheel"]
testing-integration = ["build[virtualenv]", "filelock (>=3.4.0)", "jaraco.envs (>=2.2)", "jaraco.path (>=3.2.0)", "pytest", "pytest-enabler", "pytest-xdist", "tomli", "virtualenv (>=13.0.0)", "wheel"]

[[package]]
name = "six"
version = "1.16.0"
description = "Python 2 and 3 compatibility utilities"
category = "main"
optional = false
python-versions = ">=2.7, !=3.0.*, !=3.1.*, !=3.2.*"
files = [
    {file = "six-1.16.0-py2.py3-none-any.whl", hash = "sha256:8abb2f1d86890a2dfb989f9a77cfcfd3e47c2a354b01111771326f8aa26e0254"},
    {file = "six-1.16.0.tar.gz", hash = "sha256:1e61c37477a1626458e36f7b1d82aa5c9b094fa4802892072e49de9c60c4c926"},
]

[[package]]
name = "typing-extensions"
version = "4.5.0"
description = "Backported and Experimental Type Hints for Python 3.7+"
category = "main"
optional = false
python-versions = ">=3.7"
files = [
    {file = "typing_extensions-4.5.0-py3-none-any.whl", hash = "sha256:fb33085c39dd998ac16d1431ebc293a8b3eedd00fd4a32de0ff79002c19511b4"},
    {file = "typing_extensions-4.5.0.tar.gz", hash = "sha256:5cb5f4a79139d699607b3ef622a1dedafa84e115ab0024e0d9c044a9479ca7cb"},
]

[[package]]
name = "urllib3"
version = "2.0.2"
description = "HTTP library with thread-safe connection pooling, file post, and more."
category = "main"
optional = false
python-versions = ">=3.7"
files = [
    {file = "urllib3-2.0.2-py3-none-any.whl", hash = "sha256:d055c2f9d38dc53c808f6fdc8eab7360b6fdbbde02340ed25cfbcd817c62469e"},
    {file = "urllib3-2.0.2.tar.gz", hash = "sha256:61717a1095d7e155cdb737ac7bb2f4324a858a1e2e6466f6d03ff630ca68d3cc"},
]

[package.extras]
brotli = ["brotli (>=1.0.9)", "brotlicffi (>=0.8.0)"]
secure = ["certifi", "cryptography (>=1.9)", "idna (>=2.0.0)", "pyopenssl (>=17.1.0)", "urllib3-secure-extra"]
socks = ["pysocks (>=1.5.6,!=1.5.7,<2.0)"]
zstd = ["zstandard (>=0.18.0)"]

[metadata]
lock-version = "2.0"
python-versions = "^3.10"
content-hash = "d58815b498e84a0e8c4225524e47999b51ab111db962d1f91db56a011806ed91"
